
Microsoft Visual Studio Solution File, Format Version 12.00
# Visual Studio Version 16
VisualStudioVersion = 16.0.32413.511
MinimumVisualStudioVersion = 10.0.40219.1
Project("{FAE04EC0-301F-11D3-BF4B-00C04F79EFBC}") = "NetHomework1", "NetHomework1\NetHomework1.csproj", "{EEF3F9BF-8995-49FF-AB36-966ECC56334A}"
EndProject
Global
	GlobalSection(SolutionConfigurationPlatforms) = preSolution
		Debug|Any CPU = Debug|Any CPU
		Release|Any CPU = Release|Any CPU
	EndGlobalSection
	GlobalSection(ProjectConfigurationPlatforms) = postSolution
		{EEF3F9BF-8995-49FF-AB36-966ECC56334A}.Debug|Any CPU.ActiveCfg = Debug|Any CPU
		{EEF3F9BF-8995-49FF-AB36-966ECC56334A}.Debug|Any CPU.Build.0 = Debug|Any CPU
		{EEF3F9BF-8995-49FF-AB36-966ECC56334A}.Release|Any CPU.ActiveCfg = Release|Any CPU
		{EEF3F9BF-8995-49FF-AB36-966ECC56334A}.Release|Any CPU.Build.0 = Release|Any CPU
	EndGlobalSection
	GlobalSection(SolutionProperties) = preSolution
		HideSolutionNode = FALSE
	EndGlobalSection
	GlobalSection(ExtensibilityGlobals) = postSolution
		SolutionGuid = {D3CA748B-8D2F-4847-839E-AA18D9D13D09}
	EndGlobalSection
EndGlobal
